
Microsoft Visual Studio Solution File, Format Version 12.00
# Visual Studio Version 16
VisualStudioVersion = 16.0.31624.102
MinimumVisualStudioVersion = 10.0.40219.1
Project("{FAE04EC0-301F-11D3-BF4B-00C04F79EFBC}") = "Converter", "Converter\Converter.csproj", "{03B59FB5-4986-4477-98BA-CEB6EC0119A6}"
EndProject
Global
	GlobalSection(SolutionConfigurationPlatforms) = preSolution
		Debug|Any CPU = Debug|Any CPU
		Release|Any CPU = Release|Any CPU
	EndGlobalSection
	GlobalSection(ProjectConfigurationPlatforms) = postSolution
		{03B59FB5-4986-4477-98BA-CEB6EC0119A6}.Debug|Any CPU.ActiveCfg = Debug|Any CPU
		{03B59FB5-4986-4477-98BA-CEB6EC0119A6}.Debug|Any CPU.Build.0 = Debug|Any CPU
		{03B59FB5-4986-4477-98BA-CEB6EC0119A6}.Release|Any CPU.ActiveCfg = Release|Any CPU
		{03B59FB5-4986-4477-98BA-CEB6EC0119A6}.Release|Any CPU.Build.0 = Release|Any CPU
	EndGlobalSection
	GlobalSection(SolutionProperties) = preSolution
		HideSolutionNode = FALSE
	EndGlobalSection
	GlobalSection(ExtensibilityGlobals) = postSolution
		SolutionGuid = {D8807939-EF32-49E4-8FBD-EB1FDB8F5487}
	EndGlobalSection
EndGlobal
